
Microsoft Visual Studio Solution File, Format Version 12.00
# Visual Studio 15
VisualStudioVersion = 15.0.27130.2010
MinimumVisualStudioVersion = 10.0.40219.1
Project("{FAE04EC0-301F-11D3-BF4B-00C04F79EFBC}") = "Pattern", "Pattern\Pattern.csproj", "{616454E7-7373-4B8F-8AD0-3678F6248772}"
EndProject
Global
	GlobalSection(SolutionConfigurationPlatforms) = preSolution
		Debug|Any CPU = Debug|Any CPU
		Release|Any CPU = Release|Any CPU
	EndGlobalSection
	GlobalSection(ProjectConfigurationPlatforms) = postSolution
		{616454E7-7373-4B8F-8AD0-3678F6248772}.Debug|Any CPU.ActiveCfg = Debug|Any CPU
		{616454E7-7373-4B8F-8AD0-3678F6248772}.Debug|Any CPU.Build.0 = Debug|Any CPU
		{616454E7-7373-4B8F-8AD0-3678F6248772}.Release|Any CPU.ActiveCfg = Release|Any CPU
		{616454E7-7373-4B8F-8AD0-3678F6248772}.Release|Any CPU.Build.0 = Release|Any CPU
	EndGlobalSection
	GlobalSection(SolutionProperties) = preSolution
		HideSolutionNode = FALSE
	EndGlobalSection
	GlobalSection(ExtensibilityGlobals) = postSolution
		SolutionGuid = {C24787FB-F074-4C9B-9FDD-31621C4F4DA2}
	EndGlobalSection
EndGlobal
